// !$*UTF8*$!
{
	archiveVersion = 1;
	classes = {
	};
	objectVersion = 56;
	objects = {

/* Begin PBXBuildFile section */
		2AB4D17B2B6290BD001187A3 /* playerTrail.sks in Resources */ = {isa = PBXBuildFile; fileRef = 2AB4D17A2B6290BD001187A3 /* playerTrail.sks */; };
		2AB4D1842B629B50001187A3 /* CustomWebViewController.swift in Sources */ = {isa = PBXBuildFile; fileRef = 2AB4D1822B629B50001187A3 /* CustomWebViewController.swift */; };
		2AB4D1852B629B50001187A3 /* CustomWebViewController.xib in Resources */ = {isa = PBXBuildFile; fileRef = 2AB4D1832B629B50001187A3 /* CustomWebViewController.xib */; };
		2ACC52952B55B34F0036B97C /* AppDelegate.swift in Sources */ = {isa = PBXBuildFile; fileRef = 2ACC52942B55B34F0036B97C /* AppDelegate.swift */; };
		2ACC52972B55B3500036B97C /* GameScene.sks in Resources */ = {isa = PBXBuildFile; fileRef = 2ACC52962B55B3500036B97C /* GameScene.sks */; };
		2ACC529B2B55B3500036B97C /* GameScene.swift in Sources */ = {isa = PBXBuildFile; fileRef = 2ACC529A2B55B3500036B97C /* GameScene.swift */; };
		2ACC52A22B55B3520036B97C /* Assets.xcassets in Resources */ = {isa = PBXBuildFile; fileRef = 2ACC52A12B55B3520036B97C /* Assets.xcassets */; };
		2ACC52A52B55B3520036B97C /* LaunchScreen.storyboard in Resources */ = {isa = PBXBuildFile; fileRef = 2ACC52A32B55B3520036B97C /* LaunchScreen.storyboard */; };
		2ACC52B22B55B64C0036B97C /* MenuRouter.swift in Sources */ = {isa = PBXBuildFile; fileRef = 2ACC52AB2B55B64C0036B97C /* MenuRouter.swift */; };
		2ACC52B52B55B64C0036B97C /* MenuPresenter.swift in Sources */ = {isa = PBXBuildFile; fileRef = 2ACC52AE2B55B64C0036B97C /* MenuPresenter.swift */; };
		2ACC52B62B55B64C0036B97C /* MenuViewModel.swift in Sources */ = {isa = PBXBuildFile; fileRef = 2ACC52AF2B55B64C0036B97C /* MenuViewModel.swift */; };
		2ACC52B72B55B64C0036B97C /* MenuAssembly.swift in Sources */ = {isa = PBXBuildFile; fileRef = 2ACC52B02B55B64C0036B97C /* MenuAssembly.swift */; };
		2ACC52B82B55B64C0036B97C /* MenuViewModelFactory.swift in Sources */ = {isa = PBXBuildFile; fileRef = 2ACC52B12B55B64C0036B97C /* MenuViewModelFactory.swift */; };
		2ACC52BB2B55B6650036B97C /* MenuViewController.swift in Sources */ = {isa = PBXBuildFile; fileRef = 2ACC52B92B55B6650036B97C /* MenuViewController.swift */; };
		2ACC52BC2B55B6650036B97C /* MenuViewController.xib in Resources */ = {isa = PBXBuildFile; fileRef = 2ACC52BA2B55B6650036B97C /* MenuViewController.xib */; };
		2ACC52C12B55B73E0036B97C /* GameViewController.swift in Sources */ = {isa = PBXBuildFile; fileRef = 2ACC52BF2B55B73E0036B97C /* GameViewController.swift */; };
		2ACC52C22B55B73F0036B97C /* GameViewController.xib in Resources */ = {isa = PBXBuildFile; fileRef = 2ACC52C02B55B73E0036B97C /* GameViewController.xib */; };
		2ACC52CB2B572B8F0036B97C /* ResultRouter.swift in Sources */ = {isa = PBXBuildFile; fileRef = 2ACC52C42B572B8F0036B97C /* ResultRouter.swift */; };
		2ACC52CE2B572B8F0036B97C /* ResultPresenter.swift in Sources */ = {isa = PBXBuildFile; fileRef = 2ACC52C72B572B8F0036B97C /* ResultPresenter.swift */; };
		2ACC52CF2B572B8F0036B97C /* ResultViewModel.swift in Sources */ = {isa = PBXBuildFile; fileRef = 2ACC52C82B572B8F0036B97C /* ResultViewModel.swift */; };
		2ACC52D02B572B8F0036B97C /* ResultAssembly.swift in Sources */ = {isa = PBXBuildFile; fileRef = 2ACC52C92B572B8F0036B97C /* ResultAssembly.swift */; };
		2ACC52D12B572B8F0036B97C /* ResultViewModelFactory.swift in Sources */ = {isa = PBXBuildFile; fileRef = 2ACC52CA2B572B8F0036B97C /* ResultViewModelFactory.swift */; };
		2ACC52D42B572BB00036B97C /* ResultViewController.swift in Sources */ = {isa = PBXBuildFile; fileRef = 2ACC52D22B572BB00036B97C /* ResultViewController.swift */; };
		2ACC52D52B572BB00036B97C /* ResultViewController.xib in Resources */ = {isa = PBXBuildFile; fileRef = 2ACC52D32B572BB00036B97C /* ResultViewController.xib */; };
		2ACC52D72B5AB1790036B97C /* PhysicsBodiesAndZPositionsFile.swift in Sources */ = {isa = PBXBuildFile; fileRef = 2ACC52D62B5AB1790036B97C /* PhysicsBodiesAndZPositionsFile.swift */; };
		2ACC52DA2B5AB5950036B97C /* CactusNode.swift in Sources */ = {isa = PBXBuildFile; fileRef = 2ACC52D92B5AB5950036B97C /* CactusNode.swift */; };
		2ACC52DC2B5ABB950036B97C /* PlayerNode.swift in Sources */ = {isa = PBXBuildFile; fileRef = 2ACC52DB2B5ABB950036B97C /* PlayerNode.swift */; };
		2AD114742B629CAE006ECD7A /* FirebaseManager.swift in Sources */ = {isa = PBXBuildFile; fileRef = 2AD114732B629CAE006ECD7A /* FirebaseManager.swift */; };
		2AD1149C2B62C80D006ECD7A /* GoogleService-Info.plist in Resources */ = {isa = PBXBuildFile; fileRef = 2AD1149B2B62C80C006ECD7A /* GoogleService-Info.plist */; };
		2AD1149F2B63E046006ECD7A /* FirebaseAnalytics in Frameworks */ = {isa = PBXBuildFile; productRef = 2AD1149E2B63E046006ECD7A /* FirebaseAnalytics */; };
		2AD114A12B63E046006ECD7A /* FirebaseAnalyticsOnDeviceConversion in Frameworks */ = {isa = PBXBuildFile; productRef = 2AD114A02B63E046006ECD7A /* FirebaseAnalyticsOnDeviceConversion */; };
		2AD114A32B63E046006ECD7A /* FirebaseAnalyticsSwift in Frameworks */ = {isa = PBXBuildFile; productRef = 2AD114A22B63E046006ECD7A /* FirebaseAnalyticsSwift */; };
		2AD114A52B63E046006ECD7A /* FirebaseAnalyticsWithoutAdIdSupport in Frameworks */ = {isa = PBXBuildFile; productRef = 2AD114A42B63E046006ECD7A /* FirebaseAnalyticsWithoutAdIdSupport */; };
		2AD114A72B63E046006ECD7A /* FirebaseDatabase in Frameworks */ = {isa = PBXBuildFile; productRef = 2AD114A62B63E046006ECD7A /* FirebaseDatabase */; };
		2AD114A92B63E046006ECD7A /* FirebaseDatabaseSwift in Frameworks */ = {isa = PBXBuildFile; productRef = 2AD114A82B63E046006ECD7A /* FirebaseDatabaseSwift */; };
		2AD114AB2B63E046006ECD7A /* FirebaseFirestore in Frameworks */ = {isa = PBXBuildFile; productRef = 2AD114AA2B63E046006ECD7A /* FirebaseFirestore */; };
		2AD114AD2B63E047006ECD7A /* FirebaseFirestoreSwift in Frameworks */ = {isa = PBXBuildFile; productRef = 2AD114AC2B63E047006ECD7A /* FirebaseFirestoreSwift */; };
		2AD114AF2B63E047006ECD7A /* FirebaseStorage in Frameworks */ = {isa = PBXBuildFile; productRef = 2AD114AE2B63E047006ECD7A /* FirebaseStorage */; };
/* End PBXBuildFile section */

/* Begin PBXFileReference section */
		2AB4D17A2B6290BD001187A3 /* playerTrail.sks */ = {isa = PBXFileReference; lastKnownFileType = file.sks; path = playerTrail.sks; sourceTree = "<group>"; };
		2AB4D1822B629B50001187A3 /* CustomWebViewController.swift */ = {isa = PBXFileReference; lastKnownFileType = sourcecode.swift; path = CustomWebViewController.swift; sourceTree = "<group>"; };
		2AB4D1832B629B50001187A3 /* CustomWebViewController.xib */ = {isa = PBXFileReference; lastKnownFileType = file.xib; path = CustomWebViewController.xib; sourceTree = "<group>"; };
		2ACC52912B55B34F0036B97C /* GameProject.app */ = {isa = PBXFileReference; explicitFileType = wrapper.application; includeInIndex = 0; path = GameProject.app; sourceTree = BUILT_PRODUCTS_DIR; };
		2ACC52942B55B34F0036B97C /* AppDelegate.swift */ = {isa = PBXFileReference; lastKnownFileType = sourcecode.swift; path = AppDelegate.swift; sourceTree = "<group>"; };
		2ACC52962B55B3500036B97C /* GameScene.sks */ = {isa = PBXFileReference; lastKnownFileType = file.sks; path = GameScene.sks; sourceTree = "<group>"; };
		2ACC529A2B55B3500036B97C /* GameScene.swift */ = {isa = PBXFileReference; lastKnownFileType = sourcecode.swift; path = GameScene.swift; sourceTree = "<group>"; };
		2ACC52A12B55B3520036B97C /* Assets.xcassets */ = {isa = PBXFileReference; lastKnownFileType = folder.assetcatalog; path = Assets.xcassets; sourceTree = "<group>"; };
		2ACC52A42B55B3520036B97C /* Base */ = {isa = PBXFileReference; lastKnownFileType = file.storyboard; name = Base; path = Base.lproj/LaunchScreen.storyboard; sourceTree = "<group>"; };
		2ACC52AB2B55B64C0036B97C /* MenuRouter.swift */ = {isa = PBXFileReference; lastKnownFileType = sourcecode.swift; path = MenuRouter.swift; sourceTree = "<group>"; };
		2ACC52AE2B55B64C0036B97C /* MenuPresenter.swift */ = {isa = PBXFileReference; lastKnownFileType = sourcecode.swift; path = MenuPresenter.swift; sourceTree = "<group>"; };
		2ACC52AF2B55B64C0036B97C /* MenuViewModel.swift */ = {isa = PBXFileReference; lastKnownFileType = sourcecode.swift; path = MenuViewModel.swift; sourceTree = "<group>"; };
		2ACC52B02B55B64C0036B97C /* MenuAssembly.swift */ = {isa = PBXFileReference; lastKnownFileType = sourcecode.swift; path = MenuAssembly.swift; sourceTree = "<group>"; };
		2ACC52B12B55B64C0036B97C /* MenuViewModelFactory.swift */ = {isa = PBXFileReference; lastKnownFileType = sourcecode.swift; path = MenuViewModelFactory.swift; sourceTree = "<group>"; };
		2ACC52B92B55B6650036B97C /* MenuViewController.swift */ = {isa = PBXFileReference; lastKnownFileType = sourcecode.swift; path = MenuViewController.swift; sourceTree = "<group>"; };
		2ACC52BA2B55B6650036B97C /* MenuViewController.xib */ = {isa = PBXFileReference; lastKnownFileType = file.xib; path = MenuViewController.xib; sourceTree = "<group>"; };
		2ACC52BF2B55B73E0036B97C /* GameViewController.swift */ = {isa = PBXFileReference; lastKnownFileType = sourcecode.swift; path = GameViewController.swift; sourceTree = "<group>"; };
		2ACC52C02B55B73E0036B97C /* GameViewController.xib */ = {isa = PBXFileReference; lastKnownFileType = file.xib; path = GameViewController.xib; sourceTree = "<group>"; };
		2ACC52C42B572B8F0036B97C /* ResultRouter.swift */ = {isa = PBXFileReference; lastKnownFileType = sourcecode.swift; path = ResultRouter.swift; sourceTree = "<group>"; };
		2ACC52C72B572B8F0036B97C /* ResultPresenter.swift */ = {isa = PBXFileReference; lastKnownFileType = sourcecode.swift; path = ResultPresenter.swift; sourceTree = "<group>"; };
		2ACC52C82B572B8F0036B97C /* ResultViewModel.swift */ = {isa = PBXFileReference; lastKnownFileType = sourcecode.swift; path = ResultViewModel.swift; sourceTree = "<group>"; };
		2ACC52C92B572B8F0036B97C /* ResultAssembly.swift */ = {isa = PBXFileReference; lastKnownFileType = sourcecode.swift; path = ResultAssembly.swift; sourceTree = "<group>"; };
		2ACC52CA2B572B8F0036B97C /* ResultViewModelFactory.swift */ = {isa = PBXFileReference; lastKnownFileType = sourcecode.swift; path = ResultViewModelFactory.swift; sourceTree = "<group>"; };
		2ACC52D22B572BB00036B97C /* ResultViewController.swift */ = {isa = PBXFileReference; lastKnownFileType = sourcecode.swift; path = ResultViewController.swift; sourceTree = "<group>"; };
		2ACC52D32B572BB00036B97C /* ResultViewController.xib */ = {isa = PBXFileReference; lastKnownFileType = file.xib; path = ResultViewController.xib; sourceTree = "<group>"; };
		2ACC52D62B5AB1790036B97C /* PhysicsBodiesAndZPositionsFile.swift */ = {isa = PBXFileReference; lastKnownFileType = sourcecode.swift; path = PhysicsBodiesAndZPositionsFile.swift; sourceTree = "<group>"; };
		2ACC52D92B5AB5950036B97C /* CactusNode.swift */ = {isa = PBXFileReference; lastKnownFileType = sourcecode.swift; path = CactusNode.swift; sourceTree = "<group>"; };
		2ACC52DB2B5ABB950036B97C /* PlayerNode.swift */ = {isa = PBXFileReference; lastKnownFileType = sourcecode.swift; path = PlayerNode.swift; sourceTree = "<group>"; };
		2AD114732B629CAE006ECD7A /* FirebaseManager.swift */ = {isa = PBXFileReference; lastKnownFileType = sourcecode.swift; path = FirebaseManager.swift; sourceTree = "<group>"; };
		2AD1149B2B62C80C006ECD7A /* GoogleService-Info.plist */ = {isa = PBXFileReference; fileEncoding = 4; lastKnownFileType = text.plist.xml; name = "GoogleService-Info.plist"; path = "../../../../Downloads/GoogleService-Info.plist"; sourceTree = "<group>"; };
/* End PBXFileReference section */

/* Begin PBXFrameworksBuildPhase section */
		2ACC528E2B55B34F0036B97C /* Frameworks */ = {
			isa = PBXFrameworksBuildPhase;
			buildActionMask = 2147483647;
			files = (
				2AD114A92B63E046006ECD7A /* FirebaseDatabaseSwift in Frameworks */,
				2AD114A72B63E046006ECD7A /* FirebaseDatabase in Frameworks */,
				2AD114AF2B63E047006ECD7A /* FirebaseStorage in Frameworks */,
				2AD114A32B63E046006ECD7A /* FirebaseAnalyticsSwift in Frameworks */,
				2AD1149F2B63E046006ECD7A /* FirebaseAnalytics in Frameworks */,
				2AD114A12B63E046006ECD7A /* FirebaseAnalyticsOnDeviceConversion in Frameworks */,
				2AD114A52B63E046006ECD7A /* FirebaseAnalyticsWithoutAdIdSupport in Frameworks */,
				2AD114AB2B63E046006ECD7A /* FirebaseFirestore in Frameworks */,
				2AD114AD2B63E047006ECD7A /* FirebaseFirestoreSwift in Frameworks */,
			);
			runOnlyForDeploymentPostprocessing = 0;
		};
/* End PBXFrameworksBuildPhase section */

/* Begin PBXGroup section */
		2ACC52882B55B34F0036B97C = {
			isa = PBXGroup;
			children = (
				2ACC52932B55B34F0036B97C /* GameProject */,
				2ACC52922B55B34F0036B97C /* Products */,
			);
			sourceTree = "<group>";
		};
		2ACC52922B55B34F0036B97C /* Products */ = {
			isa = PBXGroup;
			children = (
				2ACC52912B55B34F0036B97C /* GameProject.app */,
			);
			name = Products;
			sourceTree = "<group>";
		};
		2ACC52932B55B34F0036B97C /* GameProject */ = {
			isa = PBXGroup;
			children = (
				2ACC52D82B5AB18C0036B97C /* SomeFiles */,
				2ACC52C32B572B720036B97C /* ResultVC */,
				2ACC52BE2B55B6860036B97C /* GameVC */,
				2ACC52BD2B55B6690036B97C /* Menu */,
				2ACC52942B55B34F0036B97C /* AppDelegate.swift */,
				2ACC52962B55B3500036B97C /* GameScene.sks */,
				2ACC52A12B55B3520036B97C /* Assets.xcassets */,
				2ACC52A32B55B3520036B97C /* LaunchScreen.storyboard */,
				2AB4D17A2B6290BD001187A3 /* playerTrail.sks */,
				2AB4D1822B629B50001187A3 /* CustomWebViewController.swift */,
				2AB4D1832B629B50001187A3 /* CustomWebViewController.xib */,
				2AD114732B629CAE006ECD7A /* FirebaseManager.swift */,
				2AD1149B2B62C80C006ECD7A /* GoogleService-Info.plist */,
			);
			path = GameProject;
			sourceTree = "<group>";
		};
		2ACC52BD2B55B6690036B97C /* Menu */ = {
			isa = PBXGroup;
			children = (
				2ACC52AB2B55B64C0036B97C /* MenuRouter.swift */,
				2ACC52AE2B55B64C0036B97C /* MenuPresenter.swift */,
				2ACC52AF2B55B64C0036B97C /* MenuViewModel.swift */,
				2ACC52B02B55B64C0036B97C /* MenuAssembly.swift */,
				2ACC52B12B55B64C0036B97C /* MenuViewModelFactory.swift */,
				2ACC52B92B55B6650036B97C /* MenuViewController.swift */,
				2ACC52BA2B55B6650036B97C /* MenuViewController.xib */,
			);
			path = Menu;
			sourceTree = "<group>";
		};
		2ACC52BE2B55B6860036B97C /* GameVC */ = {
			isa = PBXGroup;
			children = (
				2ACC529A2B55B3500036B97C /* GameScene.swift */,
				2ACC52BF2B55B73E0036B97C /* GameViewController.swift */,
				2ACC52C02B55B73E0036B97C /* GameViewController.xib */,
			);
			path = GameVC;
			sourceTree = "<group>";
		};
		2ACC52C32B572B720036B97C /* ResultVC */ = {
			isa = PBXGroup;
			children = (
				2ACC52C42B572B8F0036B97C /* ResultRouter.swift */,
				2ACC52C72B572B8F0036B97C /* ResultPresenter.swift */,
				2ACC52C82B572B8F0036B97C /* ResultViewModel.swift */,
				2ACC52C92B572B8F0036B97C /* ResultAssembly.swift */,
				2ACC52CA2B572B8F0036B97C /* ResultViewModelFactory.swift */,
				2ACC52D22B572BB00036B97C /* ResultViewController.swift */,
				2ACC52D32B572BB00036B97C /* ResultViewController.xib */,
			);
			path = ResultVC;
			sourceTree = "<group>";
		};
		2ACC52D82B5AB18C0036B97C /* SomeFiles */ = {
			isa = PBXGroup;
			children = (
				2ACC52D62B5AB1790036B97C /* PhysicsBodiesAndZPositionsFile.swift */,
				2ACC52D92B5AB5950036B97C /* CactusNode.swift */,
				2ACC52DB2B5ABB950036B97C /* PlayerNode.swift */,
			);
			path = SomeFiles;
			sourceTree = "<group>";
		};
/* End PBXGroup section */

/* Begin PBXNativeTarget section */
		2ACC52902B55B34F0036B97C /* GameProject */ = {
			isa = PBXNativeTarget;
			buildConfigurationList = 2ACC52A82B55B3520036B97C /* Build configuration list for PBXNativeTarget "GameProject" */;
			buildPhases = (
				2ACC528D2B55B34F0036B97C /* Sources */,
				2ACC528E2B55B34F0036B97C /* Frameworks */,
				2ACC528F2B55B34F0036B97C /* Resources */,
			);
			buildRules = (
			);
			dependencies = (
			);
			name = GameProject;
			packageProductDependencies = (
				2AD1149E2B63E046006ECD7A /* FirebaseAnalytics */,
				2AD114A02B63E046006ECD7A /* FirebaseAnalyticsOnDeviceConversion */,
				2AD114A22B63E046006ECD7A /* FirebaseAnalyticsSwift */,
				2AD114A42B63E046006ECD7A /* FirebaseAnalyticsWithoutAdIdSupport */,
				2AD114A62B63E046006ECD7A /* FirebaseDatabase */,
				2AD114A82B63E046006ECD7A /* FirebaseDatabaseSwift */,
				2AD114AA2B63E046006ECD7A /* FirebaseFirestore */,
				2AD114AC2B63E047006ECD7A /* FirebaseFirestoreSwift */,
				2AD114AE2B63E047006ECD7A /* FirebaseStorage */,
			);
			productName = GameProject;
			productReference = 2ACC52912B55B34F0036B97C /* GameProject.app */;
			productType = "com.apple.product-type.application";
		};
/* End PBXNativeTarget section */

/* Begin PBXProject section */
		2ACC52892B55B34F0036B97C /* Project object */ = {
			isa = PBXProject;
			attributes = {
				BuildIndependentTargetsInParallel = 1;
				LastSwiftUpdateCheck = 1420;
				LastUpgradeCheck = 1420;
				TargetAttributes = {
					2ACC52902B55B34F0036B97C = {
						CreatedOnToolsVersion = 14.2;
					};
				};
			};
			buildConfigurationList = 2ACC528C2B55B34F0036B97C /* Build configuration list for PBXProject "GameProject" */;
			compatibilityVersion = "Xcode 14.0";
			developmentRegion = en;
			hasScannedForEncodings = 0;
			knownRegions = (
				en,
				Base,
			);
			mainGroup = 2ACC52882B55B34F0036B97C;
			packageReferences = (
				2AD1149D2B63E046006ECD7A /* XCRemoteSwiftPackageReference "firebase-ios-sdk" */,
			);
			productRefGroup = 2ACC52922B55B34F0036B97C /* Products */;
			projectDirPath = "";
			projectRoot = "";
			targets = (
				2ACC52902B55B34F0036B97C /* GameProject */,
			);
		};
/* End PBXProject section */

/* Begin PBXResourcesBuildPhase section */
		2ACC528F2B55B34F0036B97C /* Resources */ = {
			isa = PBXResourcesBuildPhase;
			buildActionMask = 2147483647;
			files = (
				2ACC52972B55B3500036B97C /* GameScene.sks in Resources */,
				2ACC52D52B572BB00036B97C /* ResultViewController.xib in Resources */,
				2AD1149C2B62C80D006ECD7A /* GoogleService-Info.plist in Resources */,
				2ACC52BC2B55B6650036B97C /* MenuViewController.xib in Resources */,
				2ACC52A22B55B3520036B97C /* Assets.xcassets in Resources */,
				2AB4D1852B629B50001187A3 /* CustomWebViewController.xib in Resources */,
				2ACC52A52B55B3520036B97C /* LaunchScreen.storyboard in Resources */,
				2ACC52C22B55B73F0036B97C /* GameViewController.xib in Resources */,
				2AB4D17B2B6290BD001187A3 /* playerTrail.sks in Resources */,
			);
			runOnlyForDeploymentPostprocessing = 0;
		};
/* End PBXResourcesBuildPhase section */

/* Begin PBXSourcesBuildPhase section */
		2ACC528D2B55B34F0036B97C /* Sources */ = {
			isa = PBXSourcesBuildPhase;
			buildActionMask = 2147483647;
			files = (
				2ACC529B2B55B3500036B97C /* GameScene.swift in Sources */,
				2ACC52CB2B572B8F0036B97C /* ResultRouter.swift in Sources */,
				2AB4D1842B629B50001187A3 /* CustomWebViewController.swift in Sources */,
				2ACC52DC2B5ABB950036B97C /* PlayerNode.swift in Sources */,
				2ACC52B62B55B64C0036B97C /* MenuViewModel.swift in Sources */,
				2ACC52B72B55B64C0036B97C /* MenuAssembly.swift in Sources */,
				2ACC52B22B55B64C0036B97C /* MenuRouter.swift in Sources */,
				2ACC52D42B572BB00036B97C /* ResultViewController.swift in Sources */,
				2ACC52D12B572B8F0036B97C /* ResultViewModelFactory.swift in Sources */,
				2ACC52C12B55B73E0036B97C /* GameViewController.swift in Sources */,
				2ACC52D02B572B8F0036B97C /* ResultAssembly.swift in Sources */,
				2ACC52DA2B5AB5950036B97C /* CactusNode.swift in Sources */,
				2AD114742B629CAE006ECD7A /* FirebaseManager.swift in Sources */,
				2ACC52BB2B55B6650036B97C /* MenuViewController.swift in Sources */,
				2ACC52B82B55B64C0036B97C /* MenuViewModelFactory.swift in Sources */,
				2ACC52952B55B34F0036B97C /* AppDelegate.swift in Sources */,
				2ACC52B52B55B64C0036B97C /* MenuPresenter.swift in Sources */,
				2ACC52D72B5AB1790036B97C /* PhysicsBodiesAndZPositionsFile.swift in Sources */,
				2ACC52CE2B572B8F0036B97C /* ResultPresenter.swift in Sources */,
				2ACC52CF2B572B8F0036B97C /* ResultViewModel.swift in Sources */,
			);
			runOnlyForDeploymentPostprocessing = 0;
		};
/* End PBXSourcesBuildPhase section */

/* Begin PBXVariantGroup section */
		2ACC52A32B55B3520036B97C /* LaunchScreen.storyboard */ = {
			isa = PBXVariantGroup;
			children = (
				2ACC52A42B55B3520036B97C /* Base */,
			);
			name = LaunchScreen.storyboard;
			sourceTree = "<group>";
		};
/* End PBXVariantGroup section */

/* Begin XCBuildConfiguration section */
		2ACC52A62B55B3520036B97C /* Debug */ = {
			isa = XCBuildConfiguration;
			buildSettings = {
				ALWAYS_SEARCH_USER_PATHS = NO;
				CLANG_ANALYZER_NONNULL = YES;
				CLANG_ANALYZER_NUMBER_OBJECT_CONVERSION = YES_AGGRESSIVE;
				CLANG_CXX_LANGUAGE_STANDARD = "gnu++20";
				CLANG_ENABLE_MODULES = YES;
				CLANG_ENABLE_OBJC_ARC = YES;
				CLANG_ENABLE_OBJC_WEAK = YES;
				CLANG_WARN_BLOCK_CAPTURE_AUTORELEASING = YES;
				CLANG_WARN_BOOL_CONVERSION = YES;
				CLANG_WARN_COMMA = YES;
				CLANG_WARN_CONSTANT_CONVERSION = YES;
				CLANG_WARN_DEPRECATED_OBJC_IMPLEMENTATIONS = YES;
				CLANG_WARN_DIRECT_OBJC_ISA_USAGE = YES_ERROR;
				CLANG_WARN_DOCUMENTATION_COMMENTS = YES;
				CLANG_WARN_EMPTY_BODY = YES;
				CLANG_WARN_ENUM_CONVERSION = YES;
				CLANG_WARN_INFINITE_RECURSION = YES;
				CLANG_WARN_INT_CONVERSION = YES;
				CLANG_WARN_NON_LITERAL_NULL_CONVERSION = YES;
				CLANG_WARN_OBJC_IMPLICIT_RETAIN_SELF = YES;
				CLANG_WARN_OBJC_LITERAL_CONVERSION = YES;
				CLANG_WARN_OBJC_ROOT_CLASS = YES_ERROR;
				CLANG_WARN_QUOTED_INCLUDE_IN_FRAMEWORK_HEADER = YES;
				CLANG_WARN_RANGE_LOOP_ANALYSIS = YES;
				CLANG_WARN_STRICT_PROTOTYPES = YES;
				CLANG_WARN_SUSPICIOUS_MOVE = YES;
				CLANG_WARN_UNGUARDED_AVAILABILITY = YES_AGGRESSIVE;
				CLANG_WARN_UNREACHABLE_CODE = YES;
				CLANG_WARN__DUPLICATE_METHOD_MATCH = YES;
				COPY_PHASE_STRIP = NO;
				DEBUG_INFORMATION_FORMAT = dwarf;
				ENABLE_STRICT_OBJC_MSGSEND = YES;
				ENABLE_TESTABILITY = YES;
				GCC_C_LANGUAGE_STANDARD = gnu11;
				GCC_DYNAMIC_NO_PIC = NO;
				GCC_NO_COMMON_BLOCKS = YES;
				GCC_OPTIMIZATION_LEVEL = 0;
				GCC_PREPROCESSOR_DEFINITIONS = (
					"DEBUG=1",
					"$(inherited)",
				);
				GCC_WARN_64_TO_32_BIT_CONVERSION = YES;
				GCC_WARN_ABOUT_RETURN_TYPE = YES_ERROR;
				GCC_WARN_UNDECLARED_SELECTOR = YES;
				GCC_WARN_UNINITIALIZED_AUTOS = YES_AGGRESSIVE;
				GCC_WARN_UNUSED_FUNCTION = YES;
				GCC_WARN_UNUSED_VARIABLE = YES;
				IPHONEOS_DEPLOYMENT_TARGET = 16.2;
				MTL_ENABLE_DEBUG_INFO = INCLUDE_SOURCE;
				MTL_FAST_MATH = YES;
				ONLY_ACTIVE_ARCH = YES;
				SDKROOT = iphoneos;
				SWIFT_ACTIVE_COMPILATION_CONDITIONS = DEBUG;
				SWIFT_OPTIMIZATION_LEVEL = "-Onone";
			};
			name = Debug;
		};
		2ACC52A72B55B3520036B97C /* Release */ = {
			isa = XCBuildConfiguration;
			buildSettings = {
				ALWAYS_SEARCH_USER_PATHS = NO;
				CLANG_ANALYZER_NONNULL = YES;
				CLANG_ANALYZER_NUMBER_OBJECT_CONVERSION = YES_AGGRESSIVE;
				CLANG_CXX_LANGUAGE_STANDARD = "gnu++20";
				CLANG_ENABLE_MODULES = YES;
				CLANG_ENABLE_OBJC_ARC = YES;
				CLANG_ENABLE_OBJC_WEAK = YES;
				CLANG_WARN_BLOCK_CAPTURE_AUTORELEASING = YES;
				CLANG_WARN_BOOL_CONVERSION = YES;
				CLANG_WARN_COMMA = YES;
				CLANG_WARN_CONSTANT_CONVERSION = YES;
				CLANG_WARN_DEPRECATED_OBJC_IMPLEMENTATIONS = YES;
				CLANG_WARN_DIRECT_OBJC_ISA_USAGE = YES_ERROR;
				CLANG_WARN_DOCUMENTATION_COMMENTS = YES;
				CLANG_WARN_EMPTY_BODY = YES;
				CLANG_WARN_ENUM_CONVERSION = YES;
				CLANG_WARN_INFINITE_RECURSION = YES;
				CLANG_WARN_INT_CONVERSION = YES;
				CLANG_WARN_NON_LITERAL_NULL_CONVERSION = YES;
				CLANG_WARN_OBJC_IMPLICIT_RETAIN_SELF = YES;
				CLANG_WARN_OBJC_LITERAL_CONVERSION = YES;
				CLANG_WARN_OBJC_ROOT_CLASS = YES_ERROR;
				CLANG_WARN_QUOTED_INCLUDE_IN_FRAMEWORK_HEADER = YES;
				CLANG_WARN_RANGE_LOOP_ANALYSIS = YES;
				CLANG_WARN_STRICT_PROTOTYPES = YES;
				CLANG_WARN_SUSPICIOUS_MOVE = YES;
				CLANG_WARN_UNGUARDED_AVAILABILITY = YES_AGGRESSIVE;
				CLANG_WARN_UNREACHABLE_CODE = YES;
				CLANG_WARN__DUPLICATE_METHOD_MATCH = YES;
				COPY_PHASE_STRIP = NO;
				DEBUG_INFORMATION_FORMAT = "dwarf-with-dsym";
				ENABLE_NS_ASSERTIONS = NO;
				ENABLE_STRICT_OBJC_MSGSEND = YES;
				GCC_C_LANGUAGE_STANDARD = gnu11;
				GCC_NO_COMMON_BLOCKS = YES;
				GCC_WARN_64_TO_32_BIT_CONVERSION = YES;
				GCC_WARN_ABOUT_RETURN_TYPE = YES_ERROR;
				GCC_WARN_UNDECLARED_SELECTOR = YES;
				GCC_WARN_UNINITIALIZED_AUTOS = YES_AGGRESSIVE;
				GCC_WARN_UNUSED_FUNCTION = YES;
				GCC_WARN_UNUSED_VARIABLE = YES;
				IPHONEOS_DEPLOYMENT_TARGET = 16.2;
				MTL_ENABLE_DEBUG_INFO = NO;
				MTL_FAST_MATH = YES;
				SDKROOT = iphoneos;
				SWIFT_COMPILATION_MODE = wholemodule;
				SWIFT_OPTIMIZATION_LEVEL = "-O";
				VALIDATE_PRODUCT = YES;
			};
			name = Release;
		};
		2ACC52A92B55B3520036B97C /* Debug */ = {
			isa = XCBuildConfiguration;
			buildSettings = {
				ASSETCATALOG_COMPILER_APPICON_NAME = AppIcon;
				ASSETCATALOG_COMPILER_GLOBAL_ACCENT_COLOR_NAME = AccentColor;
				CODE_SIGN_STYLE = Automatic;
				CURRENT_PROJECT_VERSION = 1;
				GENERATE_INFOPLIST_FILE = YES;
				INFOPLIST_KEY_LSApplicationCategoryType = "public.app-category.games";
				INFOPLIST_KEY_UIApplicationSupportsIndirectInputEvents = YES;
				INFOPLIST_KEY_UILaunchStoryboardName = LaunchScreen;
				INFOPLIST_KEY_UIStatusBarHidden = YES;
				INFOPLIST_KEY_UISupportedInterfaceOrientations = UIInterfaceOrientationPortrait;
				INFOPLIST_KEY_UISupportedInterfaceOrientations_iPad = "UIInterfaceOrientationLandscapeLeft UIInterfaceOrientationLandscapeRight UIInterfaceOrientationPortrait UIInterfaceOrientationPortraitUpsideDown";
				LD_RUNPATH_SEARCH_PATHS = (
					"$(inherited)",
					"@executable_path/Frameworks",
				);
				MARKETING_VERSION = 1.0;
				PRODUCT_BUNDLE_IDENTIFIER = GameProject.GameProject;
				PRODUCT_NAME = "$(TARGET_NAME)";
				SUPPORTED_PLATFORMS = "iphoneos iphonesimulator";
				SUPPORTS_MACCATALYST = NO;
				SUPPORTS_MAC_DESIGNED_FOR_IPHONE_IPAD = NO;
				SWIFT_EMIT_LOC_STRINGS = YES;
				SWIFT_VERSION = 5.0;
				TARGETED_DEVICE_FAMILY = 1;
			};
			name = Debug;
		};
		2ACC52AA2B55B3520036B97C /* Release */ = {
			isa = XCBuildConfiguration;
			buildSettings = {
				ASSETCATALOG_COMPILER_APPICON_NAME = AppIcon;
				ASSETCATALOG_COMPILER_GLOBAL_ACCENT_COLOR_NAME = AccentColor;
				CODE_SIGN_STYLE = Automatic;
				CURRENT_PROJECT_VERSION = 1;
				GENERATE_INFOPLIST_FILE = YES;
				INFOPLIST_KEY_LSApplicationCategoryType = "public.app-category.games";
				INFOPLIST_KEY_UIApplicationSupportsIndirectInputEvents = YES;
				INFOPLIST_KEY_UILaunchStoryboardName = LaunchScreen;
				INFOPLIST_KEY_UIStatusBarHidden = YES;
				INFOPLIST_KEY_UISupportedInterfaceOrientations = UIInterfaceOrientationPortrait;
				INFOPLIST_KEY_UISupportedInterfaceOrientations_iPad = "UIInterfaceOrientationLandscapeLeft UIInterfaceOrientationLandscapeRight UIInterfaceOrientationPortrait UIInterfaceOrientationPortraitUpsideDown";
				LD_RUNPATH_SEARCH_PATHS = (
					"$(inherited)",
					"@executable_path/Frameworks",
				);
				MARKETING_VERSION = 1.0;
				PRODUCT_BUNDLE_IDENTIFIER = GameProject.GameProject;
				PRODUCT_NAME = "$(TARGET_NAME)";
				SUPPORTED_PLATFORMS = "iphoneos iphonesimulator";
				SUPPORTS_MACCATALYST = NO;
				SUPPORTS_MAC_DESIGNED_FOR_IPHONE_IPAD = NO;
				SWIFT_EMIT_LOC_STRINGS = YES;
				SWIFT_VERSION = 5.0;
				TARGETED_DEVICE_FAMILY = 1;
			};
			name = Release;
		};
/* End XCBuildConfiguration section */

/* Begin XCConfigurationList section */
		2ACC528C2B55B34F0036B97C /* Build configuration list for PBXProject "GameProject" */ = {
			isa = XCConfigurationList;
			buildConfigurations = (
				2ACC52A62B55B3520036B97C /* Debug */,
				2ACC52A72B55B3520036B97C /* Release */,
			);
			defaultConfigurationIsVisible = 0;
			defaultConfigurationName = Release;
		};
		2ACC52A82B55B3520036B97C /* Build configuration list for PBXNativeTarget "GameProject" */ = {
			isa = XCConfigurationList;
			buildConfigurations = (
				2ACC52A92B55B3520036B97C /* Debug */,
				2ACC52AA2B55B3520036B97C /* Release */,
			);
			defaultConfigurationIsVisible = 0;
			defaultConfigurationName = Release;
		};
/* End XCConfigurationList section */

/* Begin XCRemoteSwiftPackageReference section */
		2AD1149D2B63E046006ECD7A /* XCRemoteSwiftPackageReference "firebase-ios-sdk" */ = {
			isa = XCRemoteSwiftPackageReference;
			repositoryURL = "https://github.com/firebase/firebase-ios-sdk.git";
			requirement = {
				branch = main;
				kind = branch;
			};
		};
/* End XCRemoteSwiftPackageReference section */

/* Begin XCSwiftPackageProductDependency section */
		2AD1149E2B63E046006ECD7A /* FirebaseAnalytics */ = {
			isa = XCSwiftPackageProductDependency;
			package = 2AD1149D2B63E046006ECD7A /* XCRemoteSwiftPackageReference "firebase-ios-sdk" */;
			productName = FirebaseAnalytics;
		};
		2AD114A02B63E046006ECD7A /* FirebaseAnalyticsOnDeviceConversion */ = {
			isa = XCSwiftPackageProductDependency;
			package = 2AD1149D2B63E046006ECD7A /* XCRemoteSwiftPackageReference "firebase-ios-sdk" */;
			productName = FirebaseAnalyticsOnDeviceConversion;
		};
		2AD114A22B63E046006ECD7A /* FirebaseAnalyticsSwift */ = {
			isa = XCSwiftPackageProductDependency;
			package = 2AD1149D2B63E046006ECD7A /* XCRemoteSwiftPackageReference "firebase-ios-sdk" */;
			productName = FirebaseAnalyticsSwift;
		};
		2AD114A42B63E046006ECD7A /* FirebaseAnalyticsWithoutAdIdSupport */ = {
			isa = XCSwiftPackageProductDependency;
			package = 2AD1149D2B63E046006ECD7A /* XCRemoteSwiftPackageReference "firebase-ios-sdk" */;
			productName = FirebaseAnalyticsWithoutAdIdSupport;
		};
		2AD114A62B63E046006ECD7A /* FirebaseDatabase */ = {
			isa = XCSwiftPackageProductDependency;
			package = 2AD1149D2B63E046006ECD7A /* XCRemoteSwiftPackageReference "firebase-ios-sdk" */;
			productName = FirebaseDatabase;
		};
		2AD114A82B63E046006ECD7A /* FirebaseDatabaseSwift */ = {
			isa = XCSwiftPackageProductDependency;
			package = 2AD1149D2B63E046006ECD7A /* XCRemoteSwiftPackageReference "firebase-ios-sdk" */;
			productName = FirebaseDatabaseSwift;
		};
		2AD114AA2B63E046006ECD7A /* FirebaseFirestore */ = {
			isa = XCSwiftPackageProductDependency;
			package = 2AD1149D2B63E046006ECD7A /* XCRemoteSwiftPackageReference "firebase-ios-sdk" */;
			productName = FirebaseFirestore;
		};
		2AD114AC2B63E047006ECD7A /* FirebaseFirestoreSwift */ = {
			isa = XCSwiftPackageProductDependency;
			package = 2AD1149D2B63E046006ECD7A /* XCRemoteSwiftPackageReference "firebase-ios-sdk" */;
			productName = FirebaseFirestoreSwift;
		};
		2AD114AE2B63E047006ECD7A /* FirebaseStorage */ = {
			isa = XCSwiftPackageProductDependency;
			package = 2AD1149D2B63E046006ECD7A /* XCRemoteSwiftPackageReference "firebase-ios-sdk" */;
			productName = FirebaseStorage;
		};
/* End XCSwiftPackageProductDependency section */
	};
	rootObject = 2ACC52892B55B34F0036B97C /* Project object */;
}
